
Microsoft Visual Studio Solution File, Format Version 12.00
# Visual Studio 15
VisualStudioVersion = 15.0.27428.2015
MinimumVisualStudioVersion = 10.0.40219.1
Project("{FAE04EC0-301F-11D3-BF4B-00C04F79EFBC}") = "TesteCadastroMVC.web", "TesteCadastroMVC.web\TesteCadastroMVC.web.csproj", "{245F01B1-019E-4467-B611-DA9451447615}"
EndProject
Global
	GlobalSection(SolutionConfigurationPlatforms) = preSolution
		Debug|Any CPU = Debug|Any CPU
		Release|Any CPU = Release|Any CPU
	EndGlobalSection
	GlobalSection(ProjectConfigurationPlatforms) = postSolution
		{245F01B1-019E-4467-B611-DA9451447615}.Debug|Any CPU.ActiveCfg = Debug|Any CPU
		{245F01B1-019E-4467-B611-DA9451447615}.Debug|Any CPU.Build.0 = Debug|Any CPU
		{245F01B1-019E-4467-B611-DA9451447615}.Release|Any CPU.ActiveCfg = Release|Any CPU
		{245F01B1-019E-4467-B611-DA9451447615}.Release|Any CPU.Build.0 = Release|Any CPU
	EndGlobalSection
	GlobalSection(SolutionProperties) = preSolution
		HideSolutionNode = FALSE
	EndGlobalSection
	GlobalSection(ExtensibilityGlobals) = postSolution
		SolutionGuid = {684A4548-D0C7-46EB-A79A-5129F4684478}
	EndGlobalSection
EndGlobal
